
Microsoft Visual Studio Solution File, Format Version 12.00
# Visual Studio Version 16
VisualStudioVersion = 16.0.29306.81
MinimumVisualStudioVersion = 10.0.40219.1
Project("{FAE04EC0-301F-11D3-BF4B-00C04F79EFBC}") = "DbFirstApproach", "DbFirstApproach\DbFirstApproach.csproj", "{375E63DC-55A6-4FC1-8AC6-3BCECFAE639C}"
EndProject
Global
	GlobalSection(SolutionConfigurationPlatforms) = preSolution
		Debug|Any CPU = Debug|Any CPU
		Release|Any CPU = Release|Any CPU
	EndGlobalSection
	GlobalSection(ProjectConfigurationPlatforms) = postSolution
		{375E63DC-55A6-4FC1-8AC6-3BCECFAE639C}.Debug|Any CPU.ActiveCfg = Debug|Any CPU
		{375E63DC-55A6-4FC1-8AC6-3BCECFAE639C}.Debug|Any CPU.Build.0 = Debug|Any CPU
		{375E63DC-55A6-4FC1-8AC6-3BCECFAE639C}.Release|Any CPU.ActiveCfg = Release|Any CPU
		{375E63DC-55A6-4FC1-8AC6-3BCECFAE639C}.Release|Any CPU.Build.0 = Release|Any CPU
	EndGlobalSection
	GlobalSection(SolutionProperties) = preSolution
		HideSolutionNode = FALSE
	EndGlobalSection
	GlobalSection(ExtensibilityGlobals) = postSolution
		SolutionGuid = {633DDD1B-A322-461A-B3B5-36EAE25CD56B}
	EndGlobalSection
EndGlobal
